
Microsoft Visual Studio Solution File, Format Version 12.00
# Visual Studio Version 17
VisualStudioVersion = 17.4.33122.133
MinimumVisualStudioVersion = 10.0.40219.1
Project("{FAE04EC0-301F-11D3-BF4B-00C04F79EFBC}") = "FirstAppProject1", "FirstAppProject1\FirstAppProject1.csproj", "{7B7B3E6E-08CD-4EEC-87B2-FB62FDDA4756}"
EndProject
Global
	GlobalSection(SolutionConfigurationPlatforms) = preSolution
		Debug|Any CPU = Debug|Any CPU
		Release|Any CPU = Release|Any CPU
	EndGlobalSection
	GlobalSection(ProjectConfigurationPlatforms) = postSolution
		{7B7B3E6E-08CD-4EEC-87B2-FB62FDDA4756}.Debug|Any CPU.ActiveCfg = Debug|Any CPU
		{7B7B3E6E-08CD-4EEC-87B2-FB62FDDA4756}.Debug|Any CPU.Build.0 = Debug|Any CPU
		{7B7B3E6E-08CD-4EEC-87B2-FB62FDDA4756}.Release|Any CPU.ActiveCfg = Release|Any CPU
		{7B7B3E6E-08CD-4EEC-87B2-FB62FDDA4756}.Release|Any CPU.Build.0 = Release|Any CPU
	EndGlobalSection
	GlobalSection(SolutionProperties) = preSolution
		HideSolutionNode = FALSE
	EndGlobalSection
	GlobalSection(ExtensibilityGlobals) = postSolution
		SolutionGuid = {CCFDB2A8-56E2-4149-B757-F3E10DAFD830}
	EndGlobalSection
EndGlobal
